
Microsoft Visual Studio Solution File, Format Version 12.00
# Visual Studio Version 17
VisualStudioVersion = 17.14.37411.7 d17.14
MinimumVisualStudioVersion = 10.0.40219.1
Project("{FAE04EC0-301F-11D3-BF4B-00C04F79EFBC}") = "G-NET-03-OOP-1", "G-NET-03-OOP-1\G-NET-03-OOP-1.csproj", "{52D0A2E2-6124-4AF0-80D0-0E82E04BA15D}"
EndProject
Global
	GlobalSection(SolutionConfigurationPlatforms) = preSolution
		Debug|Any CPU = Debug|Any CPU
		Release|Any CPU = Release|Any CPU
	EndGlobalSection
	GlobalSection(ProjectConfigurationPlatforms) = postSolution
		{52D0A2E2-6124-4AF0-80D0-0E82E04BA15D}.Debug|Any CPU.ActiveCfg = Debug|Any CPU
		{52D0A2E2-6124-4AF0-80D0-0E82E04BA15D}.Debug|Any CPU.Build.0 = Debug|Any CPU
		{52D0A2E2-6124-4AF0-80D0-0E82E04BA15D}.Release|Any CPU.ActiveCfg = Release|Any CPU
		{52D0A2E2-6124-4AF0-80D0-0E82E04BA15D}.Release|Any CPU.Build.0 = Release|Any CPU
	EndGlobalSection
	GlobalSection(SolutionProperties) = preSolution
		HideSolutionNode = FALSE
	EndGlobalSection
	GlobalSection(ExtensibilityGlobals) = postSolution
		SolutionGuid = {B08228BB-7099-4163-90E1-9814047663B9}
	EndGlobalSection
EndGlobal
